
Microsoft Visual Studio Solution File, Format Version 12.00
# Visual Studio 15
VisualStudioVersion = 15.0.28307.329
MinimumVisualStudioVersion = 10.0.40219.1
Project("{FAE04EC0-301F-11D3-BF4B-00C04F79EFBC}") = "C968 Inventory Program", "C968 Inventory Program\C968 Inventory Program.csproj", "{ED4ED3EB-E280-46B7-8A88-57782E135B52}"
EndProject
Global
	GlobalSection(SolutionConfigurationPlatforms) = preSolution
		Debug|Any CPU = Debug|Any CPU
		Release|Any CPU = Release|Any CPU
	EndGlobalSection
	GlobalSection(ProjectConfigurationPlatforms) = postSolution
		{ED4ED3EB-E280-46B7-8A88-57782E135B52}.Debug|Any CPU.ActiveCfg = Debug|Any CPU
		{ED4ED3EB-E280-46B7-8A88-57782E135B52}.Debug|Any CPU.Build.0 = Debug|Any CPU
		{ED4ED3EB-E280-46B7-8A88-57782E135B52}.Release|Any CPU.ActiveCfg = Release|Any CPU
		{ED4ED3EB-E280-46B7-8A88-57782E135B52}.Release|Any CPU.Build.0 = Release|Any CPU
	EndGlobalSection
	GlobalSection(SolutionProperties) = preSolution
		HideSolutionNode = FALSE
	EndGlobalSection
	GlobalSection(ExtensibilityGlobals) = postSolution
		SolutionGuid = {98BB6A05-D2A2-4476-A800-E791101B12D2}
	EndGlobalSection
EndGlobal
